// !$*UTF8*$!
{
	archiveVersion = 1;
	classes = {
	};
	objectVersion = 56;
	objects = {

/* Begin PBXBuildFile section */
		32ADB2E4293A891F00C08003 /* AppDelegate.swift in Sources */ = {isa = PBXBuildFile; fileRef = 32ADB2E3293A891F00C08003 /* AppDelegate.swift */; };
		32ADB2E6293A891F00C08003 /* SceneDelegate.swift in Sources */ = {isa = PBXBuildFile; fileRef = 32ADB2E5293A891F00C08003 /* SceneDelegate.swift */; };
		32ADB2E8293A891F00C08003 /* SetupViewController.swift in Sources */ = {isa = PBXBuildFile; fileRef = 32ADB2E7293A891F00C08003 /* SetupViewController.swift */; };
		32ADB2EB293A891F00C08003 /* Main.storyboard in Resources */ = {isa = PBXBuildFile; fileRef = 32ADB2E9293A891F00C08003 /* Main.storyboard */; };
		32ADB2F0293A892100C08003 /* LaunchScreen.storyboard in Resources */ = {isa = PBXBuildFile; fileRef = 32ADB2EE293A892100C08003 /* LaunchScreen.storyboard */; };
		32C9EE1D293BBA7700CC7A0F /* ResultsViewController.swift in Sources */ = {isa = PBXBuildFile; fileRef = 32C9EE1C293BBA7700CC7A0F /* ResultsViewController.swift */; };
		32C9EE23293BC16600CC7A0F /* Model.swift in Sources */ = {isa = PBXBuildFile; fileRef = 32C9EE22293BC16600CC7A0F /* Model.swift */; };
		32F47AD8293D021000B5F294 /* Assets.xcassets in Resources */ = {isa = PBXBuildFile; fileRef = 32F47AD7293D021000B5F294 /* Assets.xcassets */; };
/* End PBXBuildFile section */

/* Begin PBXFileReference section */
		32ADB2E0293A891F00C08003 /* TyreCalculator.app */ = {isa = PBXFileReference; explicitFileType = wrapper.application; includeInIndex = 0; path = TyreCalculator.app; sourceTree = BUILT_PRODUCTS_DIR; };
		32ADB2E3293A891F00C08003 /* AppDelegate.swift */ = {isa = PBXFileReference; lastKnownFileType = sourcecode.swift; path = AppDelegate.swift; sourceTree = "<group>"; };
		32ADB2E5293A891F00C08003 /* SceneDelegate.swift */ = {isa = PBXFileReference; lastKnownFileType = sourcecode.swift; path = SceneDelegate.swift; sourceTree = "<group>"; };
		32ADB2E7293A891F00C08003 /* SetupViewController.swift */ = {isa = PBXFileReference; lastKnownFileType = sourcecode.swift; path = SetupViewController.swift; sourceTree = "<group>"; };
		32ADB2EA293A891F00C08003 /* Base */ = {isa = PBXFileReference; lastKnownFileType = file.storyboard; name = Base; path = Base.lproj/Main.storyboard; sourceTree = "<group>"; };
		32ADB2EF293A892100C08003 /* Base */ = {isa = PBXFileReference; lastKnownFileType = file.storyboard; name = Base; path = Base.lproj/LaunchScreen.storyboard; sourceTree = "<group>"; };
		32ADB2F1293A892100C08003 /* Info.plist */ = {isa = PBXFileReference; lastKnownFileType = text.plist.xml; path = Info.plist; sourceTree = "<group>"; };
		32C9EE1C293BBA7700CC7A0F /* ResultsViewController.swift */ = {isa = PBXFileReference; lastKnownFileType = sourcecode.swift; path = ResultsViewController.swift; sourceTree = "<group>"; };
		32C9EE22293BC16600CC7A0F /* Model.swift */ = {isa = PBXFileReference; lastKnownFileType = sourcecode.swift; path = Model.swift; sourceTree = "<group>"; };
		32F47AD7293D021000B5F294 /* Assets.xcassets */ = {isa = PBXFileReference; lastKnownFileType = folder.assetcatalog; path = Assets.xcassets; sourceTree = "<group>"; };
/* End PBXFileReference section */

/* Begin PBXFrameworksBuildPhase section */
		32ADB2DD293A891F00C08003 /* Frameworks */ = {
			isa = PBXFrameworksBuildPhase;
			buildActionMask = 2147483647;
			files = (
			);
			runOnlyForDeploymentPostprocessing = 0;
		};
/* End PBXFrameworksBuildPhase section */

/* Begin PBXGroup section */
		32ADB2D7293A891E00C08003 = {
			isa = PBXGroup;
			children = (
				32ADB2E2293A891F00C08003 /* TyreCalculator */,
				32ADB2E1293A891F00C08003 /* Products */,
			);
			sourceTree = "<group>";
		};
		32ADB2E1293A891F00C08003 /* Products */ = {
			isa = PBXGroup;
			children = (
				32ADB2E0293A891F00C08003 /* TyreCalculator.app */,
			);
			name = Products;
			sourceTree = "<group>";
		};
		32ADB2E2293A891F00C08003 /* TyreCalculator */ = {
			isa = PBXGroup;
			children = (
				32C9EE1F293BC12700CC7A0F /* App */,
				32C0837C29410C9A008D9EB6 /* Assets */,
				32C0837B29410C85008D9EB6 /* Model */,
				32C9EE1E293BC10E00CC7A0F /* ViewControllers */,
				32C9EE20293BC13200CC7A0F /* StoryBoards */,
				32C9EE21293BC14300CC7A0F /* Misc */,
			);
			path = TyreCalculator;
			sourceTree = "<group>";
		};
		32C0837B29410C85008D9EB6 /* Model */ = {
			isa = PBXGroup;
			children = (
				32C9EE22293BC16600CC7A0F /* Model.swift */,
			);
			path = Model;
			sourceTree = "<group>";
		};
		32C0837C29410C9A008D9EB6 /* Assets */ = {
			isa = PBXGroup;
			children = (
				32F47AD7293D021000B5F294 /* Assets.xcassets */,
			);
			path = Assets;
			sourceTree = "<group>";
		};
		32C9EE1E293BC10E00CC7A0F /* ViewControllers */ = {
			isa = PBXGroup;
			children = (
				32C9EE1C293BBA7700CC7A0F /* ResultsViewController.swift */,
				32ADB2E7293A891F00C08003 /* SetupViewController.swift */,
			);
			path = ViewControllers;
			sourceTree = "<group>";
		};
		32C9EE1F293BC12700CC7A0F /* App */ = {
			isa = PBXGroup;
			children = (
				32ADB2E3293A891F00C08003 /* AppDelegate.swift */,
				32ADB2E5293A891F00C08003 /* SceneDelegate.swift */,
			);
			path = App;
			sourceTree = "<group>";
		};
		32C9EE20293BC13200CC7A0F /* StoryBoards */ = {
			isa = PBXGroup;
			children = (
				32ADB2E9293A891F00C08003 /* Main.storyboard */,
				32ADB2EE293A892100C08003 /* LaunchScreen.storyboard */,
			);
			path = StoryBoards;
			sourceTree = "<group>";
		};
		32C9EE21293BC14300CC7A0F /* Misc */ = {
			isa = PBXGroup;
			children = (
				32ADB2F1293A892100C08003 /* Info.plist */,
			);
			path = Misc;
			sourceTree = "<group>";
		};
/* End PBXGroup section */

/* Begin PBXNativeTarget section */
		32ADB2DF293A891F00C08003 /* TyreCalculator */ = {
			isa = PBXNativeTarget;
			buildConfigurationList = 32ADB2F4293A892100C08003 /* Build configuration list for PBXNativeTarget "TyreCalculator" */;
			buildPhases = (
				32ADB2DC293A891F00C08003 /* Sources */,
				32ADB2DD293A891F00C08003 /* Frameworks */,
				32ADB2DE293A891F00C08003 /* Resources */,
			);
			buildRules = (
			);
			dependencies = (
			);
			name = TyreCalculator;
			productName = TyreCalculator;
			productReference = 32ADB2E0293A891F00C08003 /* TyreCalculator.app */;
			productType = "com.apple.product-type.application";
		};
/* End PBXNativeTarget section */

/* Begin PBXProject section */
		32ADB2D8293A891E00C08003 /* Project object */ = {
			isa = PBXProject;
			attributes = {
				BuildIndependentTargetsInParallel = 1;
				LastSwiftUpdateCheck = 1410;
				LastUpgradeCheck = 1410;
				TargetAttributes = {
					32ADB2DF293A891F00C08003 = {
						CreatedOnToolsVersion = 14.1;
					};
				};
			};
			buildConfigurationList = 32ADB2DB293A891F00C08003 /* Build configuration list for PBXProject "TyreCalculator" */;
			compatibilityVersion = "Xcode 14.0";
			developmentRegion = en;
			hasScannedForEncodings = 0;
			knownRegions = (
				en,
				Base,
			);
			mainGroup = 32ADB2D7293A891E00C08003;
			productRefGroup = 32ADB2E1293A891F00C08003 /* Products */;
			projectDirPath = "";
			projectRoot = "";
			targets = (
				32ADB2DF293A891F00C08003 /* TyreCalculator */,
			);
		};
/* End PBXProject section */

/* Begin PBXResourcesBuildPhase section */
		32ADB2DE293A891F00C08003 /* Resources */ = {
			isa = PBXResourcesBuildPhase;
			buildActionMask = 2147483647;
			files = (
				32ADB2F0293A892100C08003 /* LaunchScreen.storyboard in Resources */,
				32F47AD8293D021000B5F294 /* Assets.xcassets in Resources */,
				32ADB2EB293A891F00C08003 /* Main.storyboard in Resources */,
			);
			runOnlyForDeploymentPostprocessing = 0;
		};
/* End PBXResourcesBuildPhase section */

/* Begin PBXSourcesBuildPhase section */
		32ADB2DC293A891F00C08003 /* Sources */ = {
			isa = PBXSourcesBuildPhase;
			buildActionMask = 2147483647;
			files = (
				32C9EE23293BC16600CC7A0F /* Model.swift in Sources */,
				32ADB2E8293A891F00C08003 /* SetupViewController.swift in Sources */,
				32ADB2E4293A891F00C08003 /* AppDelegate.swift in Sources */,
				32ADB2E6293A891F00C08003 /* SceneDelegate.swift in Sources */,
				32C9EE1D293BBA7700CC7A0F /* ResultsViewController.swift in Sources */,
			);
			runOnlyForDeploymentPostprocessing = 0;
		};
/* End PBXSourcesBuildPhase section */

/* Begin PBXVariantGroup section */
		32ADB2E9293A891F00C08003 /* Main.storyboard */ = {
			isa = PBXVariantGroup;
			children = (
				32ADB2EA293A891F00C08003 /* Base */,
			);
			name = Main.storyboard;
			sourceTree = "<group>";
		};
		32ADB2EE293A892100C08003 /* LaunchScreen.storyboard */ = {
			isa = PBXVariantGroup;
			children = (
				32ADB2EF293A892100C08003 /* Base */,
			);
			name = LaunchScreen.storyboard;
			sourceTree = "<group>";
		};
/* End PBXVariantGroup section */

/* Begin XCBuildConfiguration section */
		32ADB2F2293A892100C08003 /* Debug */ = {
			isa = XCBuildConfiguration;
			buildSettings = {
				ALWAYS_SEARCH_USER_PATHS = NO;
				CLANG_ANALYZER_NONNULL = YES;
				CLANG_ANALYZER_NUMBER_OBJECT_CONVERSION = YES_AGGRESSIVE;
				CLANG_CXX_LANGUAGE_STANDARD = "gnu++20";
				CLANG_ENABLE_MODULES = YES;
				CLANG_ENABLE_OBJC_ARC = YES;
				CLANG_ENABLE_OBJC_WEAK = YES;
				CLANG_WARN_BLOCK_CAPTURE_AUTORELEASING = YES;
				CLANG_WARN_BOOL_CONVERSION = YES;
				CLANG_WARN_COMMA = YES;
				CLANG_WARN_CONSTANT_CONVERSION = YES;
				CLANG_WARN_DEPRECATED_OBJC_IMPLEMENTATIONS = YES;
				CLANG_WARN_DIRECT_OBJC_ISA_USAGE = YES_ERROR;
				CLANG_WARN_DOCUMENTATION_COMMENTS = YES;
				CLANG_WARN_EMPTY_BODY = YES;
				CLANG_WARN_ENUM_CONVERSION = YES;
				CLANG_WARN_INFINITE_RECURSION = YES;
				CLANG_WARN_INT_CONVERSION = YES;
				CLANG_WARN_NON_LITERAL_NULL_CONVERSION = YES;
				CLANG_WARN_OBJC_IMPLICIT_RETAIN_SELF = YES;
				CLANG_WARN_OBJC_LITERAL_CONVERSION = YES;
				CLANG_WARN_OBJC_ROOT_CLASS = YES_ERROR;
				CLANG_WARN_QUOTED_INCLUDE_IN_FRAMEWORK_HEADER = YES;
				CLANG_WARN_RANGE_LOOP_ANALYSIS = YES;
				CLANG_WARN_STRICT_PROTOTYPES = YES;
				CLANG_WARN_SUSPICIOUS_MOVE = YES;
				CLANG_WARN_UNGUARDED_AVAILABILITY = YES_AGGRESSIVE;
				CLANG_WARN_UNREACHABLE_CODE = YES;
				CLANG_WARN__DUPLICATE_METHOD_MATCH = YES;
				COPY_PHASE_STRIP = NO;
				DEBUG_INFORMATION_FORMAT = dwarf;
				ENABLE_STRICT_OBJC_MSGSEND = YES;
				ENABLE_TESTABILITY = YES;
				GCC_C_LANGUAGE_STANDARD = gnu11;
				GCC_DYNAMIC_NO_PIC = NO;
				GCC_NO_COMMON_BLOCKS = YES;
				GCC_OPTIMIZATION_LEVEL = 0;
				GCC_PREPROCESSOR_DEFINITIONS = (
					"DEBUG=1",
					"$(inherited)",
				);
				GCC_WARN_64_TO_32_BIT_CONVERSION = YES;
				GCC_WARN_ABOUT_RETURN_TYPE = YES_ERROR;
				GCC_WARN_UNDECLARED_SELECTOR = YES;
				GCC_WARN_UNINITIALIZED_AUTOS = YES_AGGRESSIVE;
				GCC_WARN_UNUSED_FUNCTION = YES;
				GCC_WARN_UNUSED_VARIABLE = YES;
				IPHONEOS_DEPLOYMENT_TARGET = 16.1;
				MTL_ENABLE_DEBUG_INFO = INCLUDE_SOURCE;
				MTL_FAST_MATH = YES;
				ONLY_ACTIVE_ARCH = YES;
				SDKROOT = iphoneos;
				SWIFT_ACTIVE_COMPILATION_CONDITIONS = DEBUG;
				SWIFT_OPTIMIZATION_LEVEL = "-Onone";
			};
			name = Debug;
		};
		32ADB2F3293A892100C08003 /* Release */ = {
			isa = XCBuildConfiguration;
			buildSettings = {
				ALWAYS_SEARCH_USER_PATHS = NO;
				CLANG_ANALYZER_NONNULL = YES;
				CLANG_ANALYZER_NUMBER_OBJECT_CONVERSION = YES_AGGRESSIVE;
				CLANG_CXX_LANGUAGE_STANDARD = "gnu++20";
				CLANG_ENABLE_MODULES = YES;
				CLANG_ENABLE_OBJC_ARC = YES;
				CLANG_ENABLE_OBJC_WEAK = YES;
				CLANG_WARN_BLOCK_CAPTURE_AUTORELEASING = YES;
				CLANG_WARN_BOOL_CONVERSION = YES;
				CLANG_WARN_COMMA = YES;
				CLANG_WARN_CONSTANT_CONVERSION = YES;
				CLANG_WARN_DEPRECATED_OBJC_IMPLEMENTATIONS = YES;
				CLANG_WARN_DIRECT_OBJC_ISA_USAGE = YES_ERROR;
				CLANG_WARN_DOCUMENTATION_COMMENTS = YES;
				CLANG_WARN_EMPTY_BODY = YES;
				CLANG_WARN_ENUM_CONVERSION = YES;
				CLANG_WARN_INFINITE_RECURSION = YES;
				CLANG_WARN_INT_CONVERSION = YES;
				CLANG_WARN_NON_LITERAL_NULL_CONVERSION = YES;
				CLANG_WARN_OBJC_IMPLICIT_RETAIN_SELF = YES;
				CLANG_WARN_OBJC_LITERAL_CONVERSION = YES;
				CLANG_WARN_OBJC_ROOT_CLASS = YES_ERROR;
				CLANG_WARN_QUOTED_INCLUDE_IN_FRAMEWORK_HEADER = YES;
				CLANG_WARN_RANGE_LOOP_ANALYSIS = YES;
				CLANG_WARN_STRICT_PROTOTYPES = YES;
				CLANG_WARN_SUSPICIOUS_MOVE = YES;
				CLANG_WARN_UNGUARDED_AVAILABILITY = YES_AGGRESSIVE;
				CLANG_WARN_UNREACHABLE_CODE = YES;
				CLANG_WARN__DUPLICATE_METHOD_MATCH = YES;
				COPY_PHASE_STRIP = NO;
				DEBUG_INFORMATION_FORMAT = "dwarf-with-dsym";
				ENABLE_NS_ASSERTIONS = NO;
				ENABLE_STRICT_OBJC_MSGSEND = YES;
				GCC_C_LANGUAGE_STANDARD = gnu11;
				GCC_NO_COMMON_BLOCKS = YES;
				GCC_WARN_64_TO_32_BIT_CONVERSION = YES;
				GCC_WARN_ABOUT_RETURN_TYPE = YES_ERROR;
				GCC_WARN_UNDECLARED_SELECTOR = YES;
				GCC_WARN_UNINITIALIZED_AUTOS = YES_AGGRESSIVE;
				GCC_WARN_UNUSED_FUNCTION = YES;
				GCC_WARN_UNUSED_VARIABLE = YES;
				IPHONEOS_DEPLOYMENT_TARGET = 16.1;
				MTL_ENABLE_DEBUG_INFO = NO;
				MTL_FAST_MATH = YES;
				SDKROOT = iphoneos;
				SWIFT_COMPILATION_MODE = wholemodule;
				SWIFT_OPTIMIZATION_LEVEL = "-O";
				VALIDATE_PRODUCT = YES;
			};
			name = Release;
		};
		32ADB2F5293A892100C08003 /* Debug */ = {
			isa = XCBuildConfiguration;
			buildSettings = {
				ASSETCATALOG_COMPILER_APPICON_NAME = AppIcon;
				ASSETCATALOG_COMPILER_GLOBAL_ACCENT_COLOR_NAME = AccentColor;
				CODE_SIGN_STYLE = Automatic;
				CURRENT_PROJECT_VERSION = 1;
				DEVELOPMENT_TEAM = 87J7WT48DW;
				GENERATE_INFOPLIST_FILE = YES;
				INFOPLIST_FILE = TyreCalculator/Misc/Info.plist;
				INFOPLIST_KEY_UIApplicationSupportsIndirectInputEvents = YES;
				INFOPLIST_KEY_UILaunchStoryboardName = LaunchScreen;
				INFOPLIST_KEY_UIMainStoryboardFile = Main;
				INFOPLIST_KEY_UISupportedInterfaceOrientations = UIInterfaceOrientationPortrait;
				INFOPLIST_KEY_UISupportedInterfaceOrientations_iPad = "UIInterfaceOrientationLandscapeLeft UIInterfaceOrientationLandscapeRight UIInterfaceOrientationPortrait UIInterfaceOrientationPortraitUpsideDown";
				LD_RUNPATH_SEARCH_PATHS = (
					"$(inherited)",
					"@executable_path/Frameworks",
				);
				MARKETING_VERSION = 1.0;
				PRODUCT_BUNDLE_IDENTIFIER = SS.TyreCalculator;
				PRODUCT_NAME = "$(TARGET_NAME)";
				SUPPORTED_PLATFORMS = "iphoneos iphonesimulator";
				SUPPORTS_MACCATALYST = NO;
				SUPPORTS_MAC_DESIGNED_FOR_IPHONE_IPAD = NO;
				SWIFT_EMIT_LOC_STRINGS = YES;
				SWIFT_VERSION = 5.0;
				TARGETED_DEVICE_FAMILY = 1;
			};
			name = Debug;
		};
		32ADB2F6293A892100C08003 /* Release */ = {
			isa = XCBuildConfiguration;
			buildSettings = {
				ASSETCATALOG_COMPILER_APPICON_NAME = AppIcon;
				ASSETCATALOG_COMPILER_GLOBAL_ACCENT_COLOR_NAME = AccentColor;
				CODE_SIGN_STYLE = Automatic;
				CURRENT_PROJECT_VERSION = 1;
				DEVELOPMENT_TEAM = 87J7WT48DW;
				GENERATE_INFOPLIST_FILE = YES;
				INFOPLIST_FILE = TyreCalculator/Misc/Info.plist;
				INFOPLIST_KEY_UIApplicationSupportsIndirectInputEvents = YES;
				INFOPLIST_KEY_UILaunchStoryboardName = LaunchScreen;
				INFOPLIST_KEY_UIMainStoryboardFile = Main;
				INFOPLIST_KEY_UISupportedInterfaceOrientations = UIInterfaceOrientationPortrait;
				INFOPLIST_KEY_UISupportedInterfaceOrientations_iPad = "UIInterfaceOrientationLandscapeLeft UIInterfaceOrientationLandscapeRight UIInterfaceOrientationPortrait UIInterfaceOrientationPortraitUpsideDown";
				LD_RUNPATH_SEARCH_PATHS = (
					"$(inherited)",
					"@executable_path/Frameworks",
				);
				MARKETING_VERSION = 1.0;
				PRODUCT_BUNDLE_IDENTIFIER = SS.TyreCalculator;
				PRODUCT_NAME = "$(TARGET_NAME)";
				SUPPORTED_PLATFORMS = "iphoneos iphonesimulator";
				SUPPORTS_MACCATALYST = NO;
				SUPPORTS_MAC_DESIGNED_FOR_IPHONE_IPAD = NO;
				SWIFT_EMIT_LOC_STRINGS = YES;
				SWIFT_VERSION = 5.0;
				TARGETED_DEVICE_FAMILY = 1;
			};
			name = Release;
		};
/* End XCBuildConfiguration section */

/* Begin XCConfigurationList section */
		32ADB2DB293A891F00C08003 /* Build configuration list for PBXProject "TyreCalculator" */ = {
			isa = XCConfigurationList;
			buildConfigurations = (
				32ADB2F2293A892100C08003 /* Debug */,
				32ADB2F3293A892100C08003 /* Release */,
			);
			defaultConfigurationIsVisible = 0;
			defaultConfigurationName = Release;
		};
		32ADB2F4293A892100C08003 /* Build configuration list for PBXNativeTarget "TyreCalculator" */ = {
			isa = XCConfigurationList;
			buildConfigurations = (
				32ADB2F5293A892100C08003 /* Debug */,
				32ADB2F6293A892100C08003 /* Release */,
			);
			defaultConfigurationIsVisible = 0;
			defaultConfigurationName = Release;
		};
/* End XCConfigurationList section */
	};
	rootObject = 32ADB2D8293A891E00C08003 /* Project object */;
}
